
Microsoft Visual Studio Solution File, Format Version 12.00
# Visual Studio Version 17
Project("{8BC9CEB8-8B4A-11D0-8D11-00A0C91BC942}") = "ALL_BUILD", "ALL_BUILD.vcxproj", "{80A052B0-6A20-30AB-9C94-9EBF3F99AF45}"
	ProjectSection(ProjectDependencies) = postProject
		{ABF07231-AFDF-395A-8480-499D46086098} = {ABF07231-AFDF-395A-8480-499D46086098}
		{8652E9CE-4B63-3D4A-81E2-7C707A4A6934} = {8652E9CE-4B63-3D4A-81E2-7C707A4A6934}
	EndProjectSection
EndProject
Project("{8BC9CEB8-8B4A-11D0-8D11-00A0C91BC942}") = "ZERO_CHECK", "ZERO_CHECK.vcxproj", "{ABF07231-AFDF-395A-8480-499D46086098}"
	ProjectSection(ProjectDependencies) = postProject
	EndProjectSection
EndProject
Project("{8BC9CEB8-8B4A-11D0-8D11-00A0C91BC942}") = "parser", "parser.vcxproj", "{8652E9CE-4B63-3D4A-81E2-7C707A4A6934}"
	ProjectSection(ProjectDependencies) = postProject
		{ABF07231-AFDF-395A-8480-499D46086098} = {ABF07231-AFDF-395A-8480-499D46086098}
	EndProjectSection
EndProject
Global
	GlobalSection(SolutionConfigurationPlatforms) = preSolution
		Debug|x64 = Debug|x64
		Release|x64 = Release|x64
		MinSizeRel|x64 = MinSizeRel|x64
		RelWithDebInfo|x64 = RelWithDebInfo|x64
	EndGlobalSection
	GlobalSection(ProjectConfigurationPlatforms) = postSolution
		{80A052B0-6A20-30AB-9C94-9EBF3F99AF45}.Debug|x64.ActiveCfg = Debug|x64
		{80A052B0-6A20-30AB-9C94-9EBF3F99AF45}.Release|x64.ActiveCfg = Release|x64
		{80A052B0-6A20-30AB-9C94-9EBF3F99AF45}.MinSizeRel|x64.ActiveCfg = MinSizeRel|x64
		{80A052B0-6A20-30AB-9C94-9EBF3F99AF45}.RelWithDebInfo|x64.ActiveCfg = RelWithDebInfo|x64
		{ABF07231-AFDF-395A-8480-499D46086098}.Debug|x64.ActiveCfg = Debug|x64
		{ABF07231-AFDF-395A-8480-499D46086098}.Debug|x64.Build.0 = Debug|x64
		{ABF07231-AFDF-395A-8480-499D46086098}.Release|x64.ActiveCfg = Release|x64
		{ABF07231-AFDF-395A-8480-499D46086098}.Release|x64.Build.0 = Release|x64
		{ABF07231-AFDF-395A-8480-499D46086098}.MinSizeRel|x64.ActiveCfg = MinSizeRel|x64
		{ABF07231-AFDF-395A-8480-499D46086098}.MinSizeRel|x64.Build.0 = MinSizeRel|x64
		{ABF07231-AFDF-395A-8480-499D46086098}.RelWithDebInfo|x64.ActiveCfg = RelWithDebInfo|x64
		{ABF07231-AFDF-395A-8480-499D46086098}.RelWithDebInfo|x64.Build.0 = RelWithDebInfo|x64
		{8652E9CE-4B63-3D4A-81E2-7C707A4A6934}.Debug|x64.ActiveCfg = Debug|x64
		{8652E9CE-4B63-3D4A-81E2-7C707A4A6934}.Debug|x64.Build.0 = Debug|x64
		{8652E9CE-4B63-3D4A-81E2-7C707A4A6934}.Release|x64.ActiveCfg = Release|x64
		{8652E9CE-4B63-3D4A-81E2-7C707A4A6934}.Release|x64.Build.0 = Release|x64
		{8652E9CE-4B63-3D4A-81E2-7C707A4A6934}.MinSizeRel|x64.ActiveCfg = MinSizeRel|x64
		{8652E9CE-4B63-3D4A-81E2-7C707A4A6934}.MinSizeRel|x64.Build.0 = MinSizeRel|x64
		{8652E9CE-4B63-3D4A-81E2-7C707A4A6934}.RelWithDebInfo|x64.ActiveCfg = RelWithDebInfo|x64
		{8652E9CE-4B63-3D4A-81E2-7C707A4A6934}.RelWithDebInfo|x64.Build.0 = RelWithDebInfo|x64
	EndGlobalSection
	GlobalSection(ExtensibilityGlobals) = postSolution
		SolutionGuid = {93FCA046-F75B-32E8-90D2-B716651F9F77}
	EndGlobalSection
	GlobalSection(ExtensibilityAddIns) = postSolution
	EndGlobalSection
EndGlobal
